
Microsoft Visual Studio Solution File, Format Version 12.00
# Visual Studio Version 17
VisualStudioVersion = 17.0.31903.59
MinimumVisualStudioVersion = 10.0.40219.1
Project("{FAE04EC0-301F-11D3-BF4B-00C04F79EFBC}") = "PrivateImageCloud.Api", "PrivateImageCloud.Api\PrivateImageCloud.Api.csproj", "{5DCC1FBD-1B73-4C8D-AE95-DC44A67D41D3}"
EndProject
Project("{FAE04EC0-301F-11D3-BF4B-00C04F79EFBC}") = "PrivateImageCloud.Application", "PrivateImageCloud.Application\PrivateImageCloud.Application.csproj", "{8853AD2E-27D9-4DE4-8E56-805046976E20}"
EndProject
Project("{FAE04EC0-301F-11D3-BF4B-00C04F79EFBC}") = "PrivateImageCloud.Contracts", "PrivateImageCloud.Contracts\PrivateImageCloud.Contracts.csproj", "{B3ED06C5-7304-4AC9-B88B-B7E1CDA1938C}"
EndProject
Project("{FAE04EC0-301F-11D3-BF4B-00C04F79EFBC}") = "PrivateImageCloud.Domain", "PrivateImageCloud.Domain\PrivateImageCloud.Domain.csproj", "{2C9BB280-967E-4E19-8749-99A53B578EE7}"
EndProject
Project("{FAE04EC0-301F-11D3-BF4B-00C04F79EFBC}") = "PrivateImageCloud.Infrastructure", "PrivateImageCloud.Infrastructure\PrivateImageCloud.Infrastructure.csproj", "{1CBFF399-9A65-4170-BCB0-3C303BE13FDF}"
EndProject
Global
	GlobalSection(SolutionConfigurationPlatforms) = preSolution
		Debug|Any CPU = Debug|Any CPU
		Release|Any CPU = Release|Any CPU
	EndGlobalSection
	GlobalSection(SolutionProperties) = preSolution
		HideSolutionNode = FALSE
	EndGlobalSection
	GlobalSection(ProjectConfigurationPlatforms) = postSolution
		{5DCC1FBD-1B73-4C8D-AE95-DC44A67D41D3}.Debug|Any CPU.ActiveCfg = Debug|Any CPU
		{5DCC1FBD-1B73-4C8D-AE95-DC44A67D41D3}.Debug|Any CPU.Build.0 = Debug|Any CPU
		{5DCC1FBD-1B73-4C8D-AE95-DC44A67D41D3}.Release|Any CPU.ActiveCfg = Release|Any CPU
		{5DCC1FBD-1B73-4C8D-AE95-DC44A67D41D3}.Release|Any CPU.Build.0 = Release|Any CPU
		{8853AD2E-27D9-4DE4-8E56-805046976E20}.Debug|Any CPU.ActiveCfg = Debug|Any CPU
		{8853AD2E-27D9-4DE4-8E56-805046976E20}.Debug|Any CPU.Build.0 = Debug|Any CPU
		{8853AD2E-27D9-4DE4-8E56-805046976E20}.Release|Any CPU.ActiveCfg = Release|Any CPU
		{8853AD2E-27D9-4DE4-8E56-805046976E20}.Release|Any CPU.Build.0 = Release|Any CPU
		{B3ED06C5-7304-4AC9-B88B-B7E1CDA1938C}.Debug|Any CPU.ActiveCfg = Debug|Any CPU
		{B3ED06C5-7304-4AC9-B88B-B7E1CDA1938C}.Debug|Any CPU.Build.0 = Debug|Any CPU
		{B3ED06C5-7304-4AC9-B88B-B7E1CDA1938C}.Release|Any CPU.ActiveCfg = Release|Any CPU
		{B3ED06C5-7304-4AC9-B88B-B7E1CDA1938C}.Release|Any CPU.Build.0 = Release|Any CPU
		{2C9BB280-967E-4E19-8749-99A53B578EE7}.Debug|Any CPU.ActiveCfg = Debug|Any CPU
		{2C9BB280-967E-4E19-8749-99A53B578EE7}.Debug|Any CPU.Build.0 = Debug|Any CPU
		{2C9BB280-967E-4E19-8749-99A53B578EE7}.Release|Any CPU.ActiveCfg = Release|Any CPU
		{2C9BB280-967E-4E19-8749-99A53B578EE7}.Release|Any CPU.Build.0 = Release|Any CPU
		{1CBFF399-9A65-4170-BCB0-3C303BE13FDF}.Debug|Any CPU.ActiveCfg = Debug|Any CPU
		{1CBFF399-9A65-4170-BCB0-3C303BE13FDF}.Debug|Any CPU.Build.0 = Debug|Any CPU
		{1CBFF399-9A65-4170-BCB0-3C303BE13FDF}.Release|Any CPU.ActiveCfg = Release|Any CPU
		{1CBFF399-9A65-4170-BCB0-3C303BE13FDF}.Release|Any CPU.Build.0 = Release|Any CPU
	EndGlobalSection
EndGlobal
