
Microsoft Visual Studio Solution File, Format Version 12.00
# Visual Studio Version 17
VisualStudioVersion = 17.0.31903.59
MinimumVisualStudioVersion = 10.0.40219.1
Project("{FAE04EC0-301F-11D3-BF4B-00C04F79EFBC}") = "PrivateImageCloud.Api", "PrivateImageCloud.Api\PrivateImageCloud.Api.csproj", "{649C9779-1BB1-463E-91BF-DEA381F8F4E0}"
EndProject
Project("{FAE04EC0-301F-11D3-BF4B-00C04F79EFBC}") = "PrivateImageCloud.Contracts", "PrivateImageCloud.Contracts\PrivateImageCloud.Contracts.csproj", "{540CA215-8BC9-410A-882C-8650F06A06B7}"
EndProject
Project("{FAE04EC0-301F-11D3-BF4B-00C04F79EFBC}") = "PrivateImageCloud.Entities", "PrivateImageCloud.Entities\PrivateImageCloud.Entities.csproj", "{E8D409DD-C929-459E-A100-E0860128381C}"
EndProject
Global
	GlobalSection(SolutionConfigurationPlatforms) = preSolution
		Debug|Any CPU = Debug|Any CPU
		Release|Any CPU = Release|Any CPU
	EndGlobalSection
	GlobalSection(SolutionProperties) = preSolution
		HideSolutionNode = FALSE
	EndGlobalSection
	GlobalSection(ProjectConfigurationPlatforms) = postSolution
		{649C9779-1BB1-463E-91BF-DEA381F8F4E0}.Debug|Any CPU.ActiveCfg = Debug|Any CPU
		{649C9779-1BB1-463E-91BF-DEA381F8F4E0}.Debug|Any CPU.Build.0 = Debug|Any CPU
		{649C9779-1BB1-463E-91BF-DEA381F8F4E0}.Release|Any CPU.ActiveCfg = Release|Any CPU
		{649C9779-1BB1-463E-91BF-DEA381F8F4E0}.Release|Any CPU.Build.0 = Release|Any CPU
		{540CA215-8BC9-410A-882C-8650F06A06B7}.Debug|Any CPU.ActiveCfg = Debug|Any CPU
		{540CA215-8BC9-410A-882C-8650F06A06B7}.Debug|Any CPU.Build.0 = Debug|Any CPU
		{540CA215-8BC9-410A-882C-8650F06A06B7}.Release|Any CPU.ActiveCfg = Release|Any CPU
		{540CA215-8BC9-410A-882C-8650F06A06B7}.Release|Any CPU.Build.0 = Release|Any CPU
		{E8D409DD-C929-459E-A100-E0860128381C}.Debug|Any CPU.ActiveCfg = Debug|Any CPU
		{E8D409DD-C929-459E-A100-E0860128381C}.Debug|Any CPU.Build.0 = Debug|Any CPU
		{E8D409DD-C929-459E-A100-E0860128381C}.Release|Any CPU.ActiveCfg = Release|Any CPU
		{E8D409DD-C929-459E-A100-E0860128381C}.Release|Any CPU.Build.0 = Release|Any CPU
	EndGlobalSection
EndGlobal
